
Microsoft Visual Studio Solution File, Format Version 12.00
# Visual Studio Version 17
VisualStudioVersion = 17.11.35219.272
MinimumVisualStudioVersion = 10.0.40219.1
Project("{FAE04EC0-301F-11D3-BF4B-00C04F79EFBC}") = "Polisen", "Polisen.csproj", "{D9CA3EE2-473B-402D-9AB6-1AB46F256035}"
EndProject
Global
	GlobalSection(SolutionConfigurationPlatforms) = preSolution
		Debug|Any CPU = Debug|Any CPU
		Release|Any CPU = Release|Any CPU
	EndGlobalSection
	GlobalSection(ProjectConfigurationPlatforms) = postSolution
		{D9CA3EE2-473B-402D-9AB6-1AB46F256035}.Debug|Any CPU.ActiveCfg = Debug|Any CPU
		{D9CA3EE2-473B-402D-9AB6-1AB46F256035}.Debug|Any CPU.Build.0 = Debug|Any CPU
		{D9CA3EE2-473B-402D-9AB6-1AB46F256035}.Release|Any CPU.ActiveCfg = Release|Any CPU
		{D9CA3EE2-473B-402D-9AB6-1AB46F256035}.Release|Any CPU.Build.0 = Release|Any CPU
	EndGlobalSection
	GlobalSection(SolutionProperties) = preSolution
		HideSolutionNode = FALSE
	EndGlobalSection
	GlobalSection(ExtensibilityGlobals) = postSolution
		SolutionGuid = {D5749820-082C-42D6-804C-BE4D86F11136}
	EndGlobalSection
EndGlobal
